
Microsoft Visual Studio Solution File, Format Version 12.00
# Visual Studio Version 17
VisualStudioVersion = 17.3.32901.215
MinimumVisualStudioVersion = 10.0.40219.1
Project("{FAE04EC0-301F-11D3-BF4B-00C04F79EFBC}") = "WordGuessingGameAI", "WordGuessingGameAI.csproj", "{370FF034-5B8E-4B2B-80CE-DECF0C3FD2BB}"
EndProject
Global
	GlobalSection(SolutionConfigurationPlatforms) = preSolution
		Debug|Any CPU = Debug|Any CPU
		Release|Any CPU = Release|Any CPU
	EndGlobalSection
	GlobalSection(ProjectConfigurationPlatforms) = postSolution
		{370FF034-5B8E-4B2B-80CE-DECF0C3FD2BB}.Debug|Any CPU.ActiveCfg = Debug|Any CPU
		{370FF034-5B8E-4B2B-80CE-DECF0C3FD2BB}.Debug|Any CPU.Build.0 = Debug|Any CPU
		{370FF034-5B8E-4B2B-80CE-DECF0C3FD2BB}.Release|Any CPU.ActiveCfg = Release|Any CPU
		{370FF034-5B8E-4B2B-80CE-DECF0C3FD2BB}.Release|Any CPU.Build.0 = Release|Any CPU
	EndGlobalSection
	GlobalSection(SolutionProperties) = preSolution
		HideSolutionNode = FALSE
	EndGlobalSection
	GlobalSection(ExtensibilityGlobals) = postSolution
		SolutionGuid = {9E292C28-08AD-40BB-B3AF-9BDC4FC1BB94}
	EndGlobalSection
EndGlobal
